// !$*UTF8*$!
{
	archiveVersion = 1;
	classes = {
	};
	objectVersion = 55;
	objects = {

/* Begin PBXBuildFile section */
		76062F05278C2030002057FA /* EdgeView.swift in Sources */ = {isa = PBXBuildFile; fileRef = 76062F04278C2030002057FA /* EdgeView.swift */; };
		76062F07278C2038002057FA /* ListOfEdges.swift in Sources */ = {isa = PBXBuildFile; fileRef = 76062F06278C2038002057FA /* ListOfEdges.swift */; };
		7606B363279B4E7100E9774E /* PaneModel.swift in Sources */ = {isa = PBXBuildFile; fileRef = 7606B362279B4E7100E9774E /* PaneModel.swift */; };
		761DDBD627903B6A00E2D6BB /* Int+Times.swift in Sources */ = {isa = PBXBuildFile; fileRef = 761DDBD527903B6A00E2D6BB /* Int+Times.swift */; };
		761DDBDC2790427700E2D6BB /* EdgeModel.swift in Sources */ = {isa = PBXBuildFile; fileRef = 761DDBDB2790427700E2D6BB /* EdgeModel.swift */; };
		761EE3F02787EA9900EDF21A /* BufferInputs.swift in Sources */ = {isa = PBXBuildFile; fileRef = 761EE3EF2787EA9900EDF21A /* BufferInputs.swift */; };
		761EE3F22787F16E00EDF21A /* GateText.swift in Sources */ = {isa = PBXBuildFile; fileRef = 761EE3F12787F16E00EDF21A /* GateText.swift */; };
		761EE3F62787F39900EDF21A /* NorGate.swift in Sources */ = {isa = PBXBuildFile; fileRef = 761EE3F52787F39900EDF21A /* NorGate.swift */; };
		761EE3F82787F46400EDF21A /* BufferGate.swift in Sources */ = {isa = PBXBuildFile; fileRef = 761EE3F72787F46400EDF21A /* BufferGate.swift */; };
		761EE3FA2788178100EDF21A /* AndGate.swift in Sources */ = {isa = PBXBuildFile; fileRef = 761EE3F92788178100EDF21A /* AndGate.swift */; };
		761EE3FC27881C1100EDF21A /* NandGate.swift in Sources */ = {isa = PBXBuildFile; fileRef = 761EE3FB27881C1100EDF21A /* NandGate.swift */; };
		761EE3FE27881C7600EDF21A /* XorGate.swift in Sources */ = {isa = PBXBuildFile; fileRef = 761EE3FD27881C7600EDF21A /* XorGate.swift */; };
		761EE4002788208300EDF21A /* XnorGate.swift in Sources */ = {isa = PBXBuildFile; fileRef = 761EE3FF2788208300EDF21A /* XnorGate.swift */; };
		761EE4022788472400EDF21A /* SettingsPageView.swift in Sources */ = {isa = PBXBuildFile; fileRef = 761EE4012788472400EDF21A /* SettingsPageView.swift */; };
		761EE4052788FA5100EDF21A /* SettingsModel.swift in Sources */ = {isa = PBXBuildFile; fileRef = 761EE4042788FA5100EDF21A /* SettingsModel.swift */; };
		761EE4072788FEC000EDF21A /* ModelData.swift in Sources */ = {isa = PBXBuildFile; fileRef = 761EE4062788FEC000EDF21A /* ModelData.swift */; };
		763F3BC327713907004274BA /* ProjectView.swift in Sources */ = {isa = PBXBuildFile; fileRef = 763F3BC227713906004274BA /* ProjectView.swift */; };
		763F3BC527715646004274BA /* BackButton.swift in Sources */ = {isa = PBXBuildFile; fileRef = 763F3BC427715646004274BA /* BackButton.swift */; };
		763F3BC827717509004274BA /* SettingsBar.swift in Sources */ = {isa = PBXBuildFile; fileRef = 763F3BC727717509004274BA /* SettingsBar.swift */; };
		763F3BCC277196A5004274BA /* ProjectMenu.swift in Sources */ = {isa = PBXBuildFile; fileRef = 763F3BCB277196A5004274BA /* ProjectMenu.swift */; };
		764528A227726884003C5156 /* ModifierButton.swift in Sources */ = {isa = PBXBuildFile; fileRef = 764528A127726884003C5156 /* ModifierButton.swift */; };
		764E2878277A78F500F0B9B7 /* ModifierButton+Tap.swift in Sources */ = {isa = PBXBuildFile; fileRef = 764E2877277A78F400F0B9B7 /* ModifierButton+Tap.swift */; };
		765652C8278A821E00D9D591 /* ProjectSettingsModel.swift in Sources */ = {isa = PBXBuildFile; fileRef = 765652C7278A821E00D9D591 /* ProjectSettingsModel.swift */; };
		765652CA278A84B600D9D591 /* GridSettingsModel.swift in Sources */ = {isa = PBXBuildFile; fileRef = 765652C9278A84B600D9D591 /* GridSettingsModel.swift */; };
		765652CC278ADB8400D9D591 /* ProjectMenu+Position.swift in Sources */ = {isa = PBXBuildFile; fileRef = 765652CB278ADB8400D9D591 /* ProjectMenu+Position.swift */; };
		766B3C5D2762FEE500E41C9D /* DynaDesignApp.swift in Sources */ = {isa = PBXBuildFile; fileRef = 766B3C4D2762FEE300E41C9D /* DynaDesignApp.swift */; };
		766B3C5F2762FEE500E41C9D /* ContentView.swift in Sources */ = {isa = PBXBuildFile; fileRef = 766B3C4E2762FEE300E41C9D /* ContentView.swift */; };
		766B3C612762FEE500E41C9D /* Assets.xcassets in Resources */ = {isa = PBXBuildFile; fileRef = 766B3C4F2762FEE500E41C9D /* Assets.xcassets */; };
		766B3C822763AEE600E41C9D /* PaneView.swift in Sources */ = {isa = PBXBuildFile; fileRef = 766B3C812763AEE600E41C9D /* PaneView.swift */; };
		766B3C882763B07E00E41C9D /* MeshController.swift in Sources */ = {isa = PBXBuildFile; fileRef = 766B3C872763B07D00E41C9D /* MeshController.swift */; };
		766B3C8B2763B0A700E41C9D /* MeshController+Demo.swift in Sources */ = {isa = PBXBuildFile; fileRef = 766B3C8A2763B0A700E41C9D /* MeshController+Demo.swift */; };
		766B3C8E2763B0EF00E41C9D /* NodeModel.swift in Sources */ = {isa = PBXBuildFile; fileRef = 766B3C8D2763B0EF00E41C9D /* NodeModel.swift */; };
		766B3CA12763B46100E41C9D /* ListOfNodes.swift in Sources */ = {isa = PBXBuildFile; fileRef = 766B3CA02763B46100E41C9D /* ListOfNodes.swift */; };
		766B3CA42763B6A800E41C9D /* NodeView.swift in Sources */ = {isa = PBXBuildFile; fileRef = 766B3CA32763B6A800E41C9D /* NodeView.swift */; };
		766B3CA72763BDD400E41C9D /* PaneView+Magnification.swift in Sources */ = {isa = PBXBuildFile; fileRef = 766B3CA62763BDD400E41C9D /* PaneView+Magnification.swift */; };
		766B3CAA2763BF3400E41C9D /* PaneView+Drag.swift in Sources */ = {isa = PBXBuildFile; fileRef = 766B3CA92763BF3400E41C9D /* PaneView+Drag.swift */; };
		766B3CB32763C31200E41C9D /* NodeView+Drag.swift in Sources */ = {isa = PBXBuildFile; fileRef = 766B3CB22763C31200E41C9D /* NodeView+Drag.swift */; };
		7689EF7E2786B26F006806F3 /* OrGate.swift in Sources */ = {isa = PBXBuildFile; fileRef = 7689EF7D2786B26F006806F3 /* OrGate.swift */; };
		7689EF802787D721006806F3 /* NotGate.swift in Sources */ = {isa = PBXBuildFile; fileRef = 7689EF7F2787D721006806F3 /* NotGate.swift */; };
		7689EF822787E52B006806F3 /* NegationBall.swift in Sources */ = {isa = PBXBuildFile; fileRef = 7689EF812787E52B006806F3 /* NegationBall.swift */; };
		7689EF842787E657006806F3 /* BufferOutput.swift in Sources */ = {isa = PBXBuildFile; fileRef = 7689EF832787E657006806F3 /* BufferOutput.swift */; };
		7689EF862787E65C006806F3 /* NegationOutput.swift in Sources */ = {isa = PBXBuildFile; fileRef = 7689EF852787E65C006806F3 /* NegationOutput.swift */; };
		76A0346C2770382200BE610E /* SignInPageView.swift in Sources */ = {isa = PBXBuildFile; fileRef = 76A0346B2770382200BE610E /* SignInPageView.swift */; };
		76A0E1FB27921390006761E9 /* CGPoint+Helper.swift in Sources */ = {isa = PBXBuildFile; fileRef = 76A0E1FA2792138F006761E9 /* CGPoint+Helper.swift */; };
		76A0E1FD27955E1F006761E9 /* GateIOProtocol.swift in Sources */ = {isa = PBXBuildFile; fileRef = 76A0E1FC27955E1F006761E9 /* GateIOProtocol.swift */; };
		76A3600A27704E2300E833A7 /* GridView.swift in Sources */ = {isa = PBXBuildFile; fileRef = 76A3600927704E2300E833A7 /* GridView.swift */; };
		76A360112770F75A00E833A7 /* ProjectModel.swift in Sources */ = {isa = PBXBuildFile; fileRef = 76A360102770F75A00E833A7 /* ProjectModel.swift */; };
		76A360132770F82E00E833A7 /* ProjectModel+Demo.swift in Sources */ = {isa = PBXBuildFile; fileRef = 76A360122770F82E00E833A7 /* ProjectModel+Demo.swift */; };
		76BE10942783F0900024F526 /* BackButton+Tap.swift in Sources */ = {isa = PBXBuildFile; fileRef = 76BE10932783F0900024F526 /* BackButton+Tap.swift */; };
/* End PBXBuildFile section */

/* Begin PBXFileReference section */
		76062F04278C2030002057FA /* EdgeView.swift */ = {isa = PBXFileReference; lastKnownFileType = sourcecode.swift; path = EdgeView.swift; sourceTree = "<group>"; };
		76062F06278C2038002057FA /* ListOfEdges.swift */ = {isa = PBXFileReference; lastKnownFileType = sourcecode.swift; path = ListOfEdges.swift; sourceTree = "<group>"; };
		7606B362279B4E7100E9774E /* PaneModel.swift */ = {isa = PBXFileReference; lastKnownFileType = sourcecode.swift; path = PaneModel.swift; sourceTree = "<group>"; };
		761DDBD527903B6A00E2D6BB /* Int+Times.swift */ = {isa = PBXFileReference; lastKnownFileType = sourcecode.swift; path = "Int+Times.swift"; sourceTree = "<group>"; };
		761DDBDB2790427700E2D6BB /* EdgeModel.swift */ = {isa = PBXFileReference; lastKnownFileType = sourcecode.swift; path = EdgeModel.swift; sourceTree = "<group>"; };
		761EE3EF2787EA9900EDF21A /* BufferInputs.swift */ = {isa = PBXFileReference; lastKnownFileType = sourcecode.swift; path = BufferInputs.swift; sourceTree = "<group>"; };
		761EE3F12787F16E00EDF21A /* GateText.swift */ = {isa = PBXFileReference; lastKnownFileType = sourcecode.swift; path = GateText.swift; sourceTree = "<group>"; };
		761EE3F52787F39900EDF21A /* NorGate.swift */ = {isa = PBXFileReference; lastKnownFileType = sourcecode.swift; path = NorGate.swift; sourceTree = "<group>"; };
		761EE3F72787F46400EDF21A /* BufferGate.swift */ = {isa = PBXFileReference; lastKnownFileType = sourcecode.swift; path = BufferGate.swift; sourceTree = "<group>"; };
		761EE3F92788178100EDF21A /* AndGate.swift */ = {isa = PBXFileReference; lastKnownFileType = sourcecode.swift; path = AndGate.swift; sourceTree = "<group>"; };
		761EE3FB27881C1100EDF21A /* NandGate.swift */ = {isa = PBXFileReference; lastKnownFileType = sourcecode.swift; path = NandGate.swift; sourceTree = "<group>"; };
		761EE3FD27881C7600EDF21A /* XorGate.swift */ = {isa = PBXFileReference; lastKnownFileType = sourcecode.swift; path = XorGate.swift; sourceTree = "<group>"; };
		761EE3FF2788208300EDF21A /* XnorGate.swift */ = {isa = PBXFileReference; lastKnownFileType = sourcecode.swift; path = XnorGate.swift; sourceTree = "<group>"; };
		761EE4012788472400EDF21A /* SettingsPageView.swift */ = {isa = PBXFileReference; lastKnownFileType = sourcecode.swift; path = SettingsPageView.swift; sourceTree = "<group>"; };
		761EE4042788FA5100EDF21A /* SettingsModel.swift */ = {isa = PBXFileReference; lastKnownFileType = sourcecode.swift; path = SettingsModel.swift; sourceTree = "<group>"; };
		761EE4062788FEC000EDF21A /* ModelData.swift */ = {isa = PBXFileReference; lastKnownFileType = sourcecode.swift; path = ModelData.swift; sourceTree = "<group>"; };
		763F3BC227713906004274BA /* ProjectView.swift */ = {isa = PBXFileReference; lastKnownFileType = sourcecode.swift; path = ProjectView.swift; sourceTree = "<group>"; };
		763F3BC427715646004274BA /* BackButton.swift */ = {isa = PBXFileReference; lastKnownFileType = sourcecode.swift; path = BackButton.swift; sourceTree = "<group>"; };
		763F3BC727717509004274BA /* SettingsBar.swift */ = {isa = PBXFileReference; lastKnownFileType = sourcecode.swift; path = SettingsBar.swift; sourceTree = "<group>"; };
		763F3BCB277196A5004274BA /* ProjectMenu.swift */ = {isa = PBXFileReference; lastKnownFileType = sourcecode.swift; path = ProjectMenu.swift; sourceTree = "<group>"; };
		764528A127726884003C5156 /* ModifierButton.swift */ = {isa = PBXFileReference; lastKnownFileType = sourcecode.swift; path = ModifierButton.swift; sourceTree = "<group>"; };
		764E2877277A78F400F0B9B7 /* ModifierButton+Tap.swift */ = {isa = PBXFileReference; lastKnownFileType = sourcecode.swift; path = "ModifierButton+Tap.swift"; sourceTree = "<group>"; };
		765652C7278A821E00D9D591 /* ProjectSettingsModel.swift */ = {isa = PBXFileReference; lastKnownFileType = sourcecode.swift; path = ProjectSettingsModel.swift; sourceTree = "<group>"; };
		765652C9278A84B600D9D591 /* GridSettingsModel.swift */ = {isa = PBXFileReference; lastKnownFileType = sourcecode.swift; path = GridSettingsModel.swift; sourceTree = "<group>"; };
		765652CB278ADB8400D9D591 /* ProjectMenu+Position.swift */ = {isa = PBXFileReference; lastKnownFileType = sourcecode.swift; path = "ProjectMenu+Position.swift"; sourceTree = "<group>"; };
		766B3C4D2762FEE300E41C9D /* DynaDesignApp.swift */ = {isa = PBXFileReference; lastKnownFileType = sourcecode.swift; path = DynaDesignApp.swift; sourceTree = "<group>"; };
		766B3C4E2762FEE300E41C9D /* ContentView.swift */ = {isa = PBXFileReference; lastKnownFileType = sourcecode.swift; path = ContentView.swift; sourceTree = "<group>"; };
		766B3C4F2762FEE500E41C9D /* Assets.xcassets */ = {isa = PBXFileReference; lastKnownFileType = folder.assetcatalog; path = Assets.xcassets; sourceTree = "<group>"; };
		766B3C542762FEE500E41C9D /* DynaDesign.app */ = {isa = PBXFileReference; explicitFileType = wrapper.application; includeInIndex = 0; path = DynaDesign.app; sourceTree = BUILT_PRODUCTS_DIR; };
		766B3C812763AEE600E41C9D /* PaneView.swift */ = {isa = PBXFileReference; lastKnownFileType = sourcecode.swift; path = PaneView.swift; sourceTree = "<group>"; };
		766B3C872763B07D00E41C9D /* MeshController.swift */ = {isa = PBXFileReference; lastKnownFileType = sourcecode.swift; path = MeshController.swift; sourceTree = "<group>"; };
		766B3C8A2763B0A700E41C9D /* MeshController+Demo.swift */ = {isa = PBXFileReference; lastKnownFileType = sourcecode.swift; path = "MeshController+Demo.swift"; sourceTree = "<group>"; };
		766B3C8D2763B0EF00E41C9D /* NodeModel.swift */ = {isa = PBXFileReference; lastKnownFileType = sourcecode.swift; path = NodeModel.swift; sourceTree = "<group>"; };
		766B3CA02763B46100E41C9D /* ListOfNodes.swift */ = {isa = PBXFileReference; lastKnownFileType = sourcecode.swift; path = ListOfNodes.swift; sourceTree = "<group>"; };
		766B3CA32763B6A800E41C9D /* NodeView.swift */ = {isa = PBXFileReference; lastKnownFileType = sourcecode.swift; path = NodeView.swift; sourceTree = "<group>"; };
		766B3CA62763BDD400E41C9D /* PaneView+Magnification.swift */ = {isa = PBXFileReference; lastKnownFileType = sourcecode.swift; path = "PaneView+Magnification.swift"; sourceTree = "<group>"; };
		766B3CA92763BF3400E41C9D /* PaneView+Drag.swift */ = {isa = PBXFileReference; lastKnownFileType = sourcecode.swift; path = "PaneView+Drag.swift"; sourceTree = "<group>"; };
		766B3CB22763C31200E41C9D /* NodeView+Drag.swift */ = {isa = PBXFileReference; lastKnownFileType = sourcecode.swift; path = "NodeView+Drag.swift"; sourceTree = "<group>"; };
		7689EF7D2786B26F006806F3 /* OrGate.swift */ = {isa = PBXFileReference; lastKnownFileType = sourcecode.swift; path = OrGate.swift; sourceTree = "<group>"; };
		7689EF7F2787D721006806F3 /* NotGate.swift */ = {isa = PBXFileReference; lastKnownFileType = sourcecode.swift; path = NotGate.swift; sourceTree = "<group>"; };
		7689EF812787E52B006806F3 /* NegationBall.swift */ = {isa = PBXFileReference; lastKnownFileType = sourcecode.swift; path = NegationBall.swift; sourceTree = "<group>"; };
		7689EF832787E657006806F3 /* BufferOutput.swift */ = {isa = PBXFileReference; lastKnownFileType = sourcecode.swift; path = BufferOutput.swift; sourceTree = "<group>"; };
		7689EF852787E65C006806F3 /* NegationOutput.swift */ = {isa = PBXFileReference; lastKnownFileType = sourcecode.swift; path = NegationOutput.swift; sourceTree = "<group>"; };
		76A0346B2770382200BE610E /* SignInPageView.swift */ = {isa = PBXFileReference; lastKnownFileType = sourcecode.swift; path = SignInPageView.swift; sourceTree = "<group>"; };
		76A0E1FA2792138F006761E9 /* CGPoint+Helper.swift */ = {isa = PBXFileReference; lastKnownFileType = sourcecode.swift; path = "CGPoint+Helper.swift"; sourceTree = "<group>"; };
		76A0E1FC27955E1F006761E9 /* GateIOProtocol.swift */ = {isa = PBXFileReference; lastKnownFileType = sourcecode.swift; path = GateIOProtocol.swift; sourceTree = "<group>"; };
		76A3600927704E2300E833A7 /* GridView.swift */ = {isa = PBXFileReference; lastKnownFileType = sourcecode.swift; path = GridView.swift; sourceTree = "<group>"; };
		76A360102770F75A00E833A7 /* ProjectModel.swift */ = {isa = PBXFileReference; lastKnownFileType = sourcecode.swift; path = ProjectModel.swift; sourceTree = "<group>"; };
		76A360122770F82E00E833A7 /* ProjectModel+Demo.swift */ = {isa = PBXFileReference; lastKnownFileType = sourcecode.swift; path = "ProjectModel+Demo.swift"; sourceTree = "<group>"; };
		76BE10932783F0900024F526 /* BackButton+Tap.swift */ = {isa = PBXFileReference; lastKnownFileType = sourcecode.swift; path = "BackButton+Tap.swift"; sourceTree = "<group>"; };
/* End PBXFileReference section */

/* Begin PBXFrameworksBuildPhase section */
		766B3C512762FEE500E41C9D /* Frameworks */ = {
			isa = PBXFrameworksBuildPhase;
			buildActionMask = 2147483647;
			files = (
			);
			runOnlyForDeploymentPostprocessing = 0;
		};
/* End PBXFrameworksBuildPhase section */

/* Begin PBXGroup section */
		76062F03278C1F13002057FA /* Connections */ = {
			isa = PBXGroup;
			children = (
				761DDBDB2790427700E2D6BB /* EdgeModel.swift */,
				76062F04278C2030002057FA /* EdgeView.swift */,
				76062F06278C2038002057FA /* ListOfEdges.swift */,
			);
			path = Connections;
			sourceTree = "<group>";
		};
		761EE3F32787F21A00EDF21A /* Gates */ = {
			isa = PBXGroup;
			children = (
				761EE3F72787F46400EDF21A /* BufferGate.swift */,
				7689EF7F2787D721006806F3 /* NotGate.swift */,
				7689EF7D2786B26F006806F3 /* OrGate.swift */,
				761EE3F52787F39900EDF21A /* NorGate.swift */,
				761EE3F92788178100EDF21A /* AndGate.swift */,
				761EE3FB27881C1100EDF21A /* NandGate.swift */,
				761EE3FD27881C7600EDF21A /* XorGate.swift */,
				761EE3FF2788208300EDF21A /* XnorGate.swift */,
			);
			path = Gates;
			sourceTree = "<group>";
		};
		761EE3F42787F22300EDF21A /* IO */ = {
			isa = PBXGroup;
			children = (
				761EE3EF2787EA9900EDF21A /* BufferInputs.swift */,
				7689EF832787E657006806F3 /* BufferOutput.swift */,
				76A0E1FC27955E1F006761E9 /* GateIOProtocol.swift */,
				761EE3F12787F16E00EDF21A /* GateText.swift */,
				7689EF812787E52B006806F3 /* NegationBall.swift */,
				7689EF852787E65C006806F3 /* NegationOutput.swift */,
			);
			path = IO;
			sourceTree = "<group>";
		};
		761EE4032788F91E00EDF21A /* SignIn Page */ = {
			isa = PBXGroup;
			children = (
				76A0346B2770382200BE610E /* SignInPageView.swift */,
			);
			path = "SignIn Page";
			sourceTree = "<group>";
		};
		763F3BC9277181CB004274BA /* Menu Items */ = {
			isa = PBXGroup;
			children = (
				763F3BC427715646004274BA /* BackButton.swift */,
				76BE10932783F0900024F526 /* BackButton+Tap.swift */,
				763F3BC727717509004274BA /* SettingsBar.swift */,
				764528A127726884003C5156 /* ModifierButton.swift */,
				764E2877277A78F400F0B9B7 /* ModifierButton+Tap.swift */,
			);
			path = "Menu Items";
			sourceTree = "<group>";
		};
		763F3BCA27718532004274BA /* Project Components */ = {
			isa = PBXGroup;
			children = (
				763F3BC9277181CB004274BA /* Menu Items */,
				763F3BCB277196A5004274BA /* ProjectMenu.swift */,
				765652CB278ADB8400D9D591 /* ProjectMenu+Position.swift */,
				76A360102770F75A00E833A7 /* ProjectModel.swift */,
				76A360122770F82E00E833A7 /* ProjectModel+Demo.swift */,
				765652C7278A821E00D9D591 /* ProjectSettingsModel.swift */,
				763F3BC227713906004274BA /* ProjectView.swift */,
			);
			path = "Project Components";
			sourceTree = "<group>";
		};
		766B3C472762FEE300E41C9D = {
			isa = PBXGroup;
			children = (
				766B3C4C2762FEE300E41C9D /* Shared */,
				766B3C552762FEE500E41C9D /* Products */,
			);
			sourceTree = "<group>";
		};
		766B3C4C2762FEE300E41C9D /* Shared */ = {
			isa = PBXGroup;
			children = (
				766B3C9F2763B44400E41C9D /* Blocks */,
				76062F03278C1F13002057FA /* Connections */,
				76A3601627711DF500E833A7 /* Infinite Pane */,
				763F3BCA27718532004274BA /* Project Components */,
				76A3601927711F3600E833A7 /* Project Grid */,
				76A3601A27711F8C00E833A7 /* Settings Page */,
				761EE4032788F91E00EDF21A /* SignIn Page */,
				766B3CB52763C45200E41C9D /* SwiftUI Internals */,
				766B3C4E2762FEE300E41C9D /* ContentView.swift */,
				766B3C4D2762FEE300E41C9D /* DynaDesignApp.swift */,
				761EE4062788FEC000EDF21A /* ModelData.swift */,
				766B3C4F2762FEE500E41C9D /* Assets.xcassets */,
			);
			path = Shared;
			sourceTree = "<group>";
		};
		766B3C552762FEE500E41C9D /* Products */ = {
			isa = PBXGroup;
			children = (
				766B3C542762FEE500E41C9D /* DynaDesign.app */,
			);
			name = Products;
			sourceTree = "<group>";
		};
		766B3C9F2763B44400E41C9D /* Blocks */ = {
			isa = PBXGroup;
			children = (
				761EE3F42787F22300EDF21A /* IO */,
				761EE3F32787F21A00EDF21A /* Gates */,
				766B3C8D2763B0EF00E41C9D /* NodeModel.swift */,
				766B3CA32763B6A800E41C9D /* NodeView.swift */,
				766B3CB22763C31200E41C9D /* NodeView+Drag.swift */,
				766B3CA02763B46100E41C9D /* ListOfNodes.swift */,
			);
			path = Blocks;
			sourceTree = "<group>";
		};
		766B3CB52763C45200E41C9D /* SwiftUI Internals */ = {
			isa = PBXGroup;
			children = (
				76A0E1FA2792138F006761E9 /* CGPoint+Helper.swift */,
				761DDBD527903B6A00E2D6BB /* Int+Times.swift */,
			);
			path = "SwiftUI Internals";
			sourceTree = "<group>";
		};
		76A3601627711DF500E833A7 /* Infinite Pane */ = {
			isa = PBXGroup;
			children = (
				76A3601727711ECE00E833A7 /* Mesh */,
				7606B362279B4E7100E9774E /* PaneModel.swift */,
				766B3C812763AEE600E41C9D /* PaneView.swift */,
				766B3CA92763BF3400E41C9D /* PaneView+Drag.swift */,
				766B3CA62763BDD400E41C9D /* PaneView+Magnification.swift */,
			);
			path = "Infinite Pane";
			sourceTree = "<group>";
		};
		76A3601727711ECE00E833A7 /* Mesh */ = {
			isa = PBXGroup;
			children = (
				766B3C872763B07D00E41C9D /* MeshController.swift */,
				766B3C8A2763B0A700E41C9D /* MeshController+Demo.swift */,
			);
			path = Mesh;
			sourceTree = "<group>";
		};
		76A3601927711F3600E833A7 /* Project Grid */ = {
			isa = PBXGroup;
			children = (
				76A3600927704E2300E833A7 /* GridView.swift */,
				765652C9278A84B600D9D591 /* GridSettingsModel.swift */,
			);
			path = "Project Grid";
			sourceTree = "<group>";
		};
		76A3601A27711F8C00E833A7 /* Settings Page */ = {
			isa = PBXGroup;
			children = (
				761EE4012788472400EDF21A /* SettingsPageView.swift */,
				761EE4042788FA5100EDF21A /* SettingsModel.swift */,
			);
			path = "Settings Page";
			sourceTree = "<group>";
		};
/* End PBXGroup section */

/* Begin PBXNativeTarget section */
		766B3C532762FEE500E41C9D /* DynaDesign (iOS) */ = {
			isa = PBXNativeTarget;
			buildConfigurationList = 766B3C652762FEE500E41C9D /* Build configuration list for PBXNativeTarget "DynaDesign (iOS)" */;
			buildPhases = (
				766B3C502762FEE500E41C9D /* Sources */,
				766B3C512762FEE500E41C9D /* Frameworks */,
				766B3C522762FEE500E41C9D /* Resources */,
			);
			buildRules = (
			);
			dependencies = (
			);
			name = "DynaDesign (iOS)";
			packageProductDependencies = (
			);
			productName = "DynaDesign (iOS)";
			productReference = 766B3C542762FEE500E41C9D /* DynaDesign.app */;
			productType = "com.apple.product-type.application";
		};
/* End PBXNativeTarget section */

/* Begin PBXProject section */
		766B3C482762FEE300E41C9D /* Project object */ = {
			isa = PBXProject;
			attributes = {
				BuildIndependentTargetsInParallel = 1;
				LastSwiftUpdateCheck = 1310;
				LastUpgradeCheck = 1320;
				TargetAttributes = {
					766B3C532762FEE500E41C9D = {
						CreatedOnToolsVersion = 13.1;
					};
				};
			};
			buildConfigurationList = 766B3C4B2762FEE300E41C9D /* Build configuration list for PBXProject "DynaDesign" */;
			compatibilityVersion = "Xcode 13.0";
			developmentRegion = en;
			hasScannedForEncodings = 0;
			knownRegions = (
				en,
				Base,
			);
			mainGroup = 766B3C472762FEE300E41C9D;
			packageReferences = (
			);
			productRefGroup = 766B3C552762FEE500E41C9D /* Products */;
			projectDirPath = "";
			projectRoot = "";
			targets = (
				766B3C532762FEE500E41C9D /* DynaDesign (iOS) */,
			);
		};
/* End PBXProject section */

/* Begin PBXResourcesBuildPhase section */
		766B3C522762FEE500E41C9D /* Resources */ = {
			isa = PBXResourcesBuildPhase;
			buildActionMask = 2147483647;
			files = (
				766B3C612762FEE500E41C9D /* Assets.xcassets in Resources */,
			);
			runOnlyForDeploymentPostprocessing = 0;
		};
/* End PBXResourcesBuildPhase section */

/* Begin PBXSourcesBuildPhase section */
		766B3C502762FEE500E41C9D /* Sources */ = {
			isa = PBXSourcesBuildPhase;
			buildActionMask = 2147483647;
			files = (
				766B3C5F2762FEE500E41C9D /* ContentView.swift in Sources */,
				766B3CB32763C31200E41C9D /* NodeView+Drag.swift in Sources */,
				76BE10942783F0900024F526 /* BackButton+Tap.swift in Sources */,
				765652C8278A821E00D9D591 /* ProjectSettingsModel.swift in Sources */,
				766B3CA42763B6A800E41C9D /* NodeView.swift in Sources */,
				76A360132770F82E00E833A7 /* ProjectModel+Demo.swift in Sources */,
				761EE3F62787F39900EDF21A /* NorGate.swift in Sources */,
				763F3BC827717509004274BA /* SettingsBar.swift in Sources */,
				761EE4002788208300EDF21A /* XnorGate.swift in Sources */,
				765652CC278ADB8400D9D591 /* ProjectMenu+Position.swift in Sources */,
				761EE3FE27881C7600EDF21A /* XorGate.swift in Sources */,
				7689EF7E2786B26F006806F3 /* OrGate.swift in Sources */,
				766B3CAA2763BF3400E41C9D /* PaneView+Drag.swift in Sources */,
				766B3CA72763BDD400E41C9D /* PaneView+Magnification.swift in Sources */,
				761EE3F02787EA9900EDF21A /* BufferInputs.swift in Sources */,
				76A360112770F75A00E833A7 /* ProjectModel.swift in Sources */,
				766B3C5D2762FEE500E41C9D /* DynaDesignApp.swift in Sources */,
				761DDBD627903B6A00E2D6BB /* Int+Times.swift in Sources */,
				763F3BC527715646004274BA /* BackButton.swift in Sources */,
				761EE3F22787F16E00EDF21A /* GateText.swift in Sources */,
				766B3C8B2763B0A700E41C9D /* MeshController+Demo.swift in Sources */,
				766B3C822763AEE600E41C9D /* PaneView.swift in Sources */,
				76A3600A27704E2300E833A7 /* GridView.swift in Sources */,
				763F3BC327713907004274BA /* ProjectView.swift in Sources */,
				76A0E1FB27921390006761E9 /* CGPoint+Helper.swift in Sources */,
				765652CA278A84B600D9D591 /* GridSettingsModel.swift in Sources */,
				764E2878277A78F500F0B9B7 /* ModifierButton+Tap.swift in Sources */,
				76062F05278C2030002057FA /* EdgeView.swift in Sources */,
				761EE4052788FA5100EDF21A /* SettingsModel.swift in Sources */,
				766B3CA12763B46100E41C9D /* ListOfNodes.swift in Sources */,
				76A0346C2770382200BE610E /* SignInPageView.swift in Sources */,
				761EE3FA2788178100EDF21A /* AndGate.swift in Sources */,
				761EE3FC27881C1100EDF21A /* NandGate.swift in Sources */,
				766B3C882763B07E00E41C9D /* MeshController.swift in Sources */,
				761DDBDC2790427700E2D6BB /* EdgeModel.swift in Sources */,
				7689EF822787E52B006806F3 /* NegationBall.swift in Sources */,
				76A0E1FD27955E1F006761E9 /* GateIOProtocol.swift in Sources */,
				7689EF802787D721006806F3 /* NotGate.swift in Sources */,
				764528A227726884003C5156 /* ModifierButton.swift in Sources */,
				7689EF842787E657006806F3 /* BufferOutput.swift in Sources */,
				761EE4022788472400EDF21A /* SettingsPageView.swift in Sources */,
				7689EF862787E65C006806F3 /* NegationOutput.swift in Sources */,
				763F3BCC277196A5004274BA /* ProjectMenu.swift in Sources */,
				761EE3F82787F46400EDF21A /* BufferGate.swift in Sources */,
				766B3C8E2763B0EF00E41C9D /* NodeModel.swift in Sources */,
				761EE4072788FEC000EDF21A /* ModelData.swift in Sources */,
				76062F07278C2038002057FA /* ListOfEdges.swift in Sources */,
				7606B363279B4E7100E9774E /* PaneModel.swift in Sources */,
			);
			runOnlyForDeploymentPostprocessing = 0;
		};
/* End PBXSourcesBuildPhase section */

/* Begin XCBuildConfiguration section */
		766B3C632762FEE500E41C9D /* Debug */ = {
			isa = XCBuildConfiguration;
			buildSettings = {
				ALWAYS_SEARCH_USER_PATHS = NO;
				CLANG_ANALYZER_NONNULL = YES;
				CLANG_ANALYZER_NUMBER_OBJECT_CONVERSION = YES_AGGRESSIVE;
				CLANG_CXX_LANGUAGE_STANDARD = "gnu++17";
				CLANG_CXX_LIBRARY = "libc++";
				CLANG_ENABLE_MODULES = YES;
				CLANG_ENABLE_OBJC_ARC = YES;
				CLANG_ENABLE_OBJC_WEAK = YES;
				CLANG_WARN_BLOCK_CAPTURE_AUTORELEASING = YES;
				CLANG_WARN_BOOL_CONVERSION = YES;
				CLANG_WARN_COMMA = YES;
				CLANG_WARN_CONSTANT_CONVERSION = YES;
				CLANG_WARN_DEPRECATED_OBJC_IMPLEMENTATIONS = YES;
				CLANG_WARN_DIRECT_OBJC_ISA_USAGE = YES_ERROR;
				CLANG_WARN_DOCUMENTATION_COMMENTS = YES;
				CLANG_WARN_EMPTY_BODY = YES;
				CLANG_WARN_ENUM_CONVERSION = YES;
				CLANG_WARN_INFINITE_RECURSION = YES;
				CLANG_WARN_INT_CONVERSION = YES;
				CLANG_WARN_NON_LITERAL_NULL_CONVERSION = YES;
				CLANG_WARN_OBJC_IMPLICIT_RETAIN_SELF = YES;
				CLANG_WARN_OBJC_LITERAL_CONVERSION = YES;
				CLANG_WARN_OBJC_ROOT_CLASS = YES_ERROR;
				CLANG_WARN_QUOTED_INCLUDE_IN_FRAMEWORK_HEADER = YES;
				CLANG_WARN_RANGE_LOOP_ANALYSIS = YES;
				CLANG_WARN_STRICT_PROTOTYPES = YES;
				CLANG_WARN_SUSPICIOUS_MOVE = YES;
				CLANG_WARN_UNGUARDED_AVAILABILITY = YES_AGGRESSIVE;
				CLANG_WARN_UNREACHABLE_CODE = YES;
				CLANG_WARN__DUPLICATE_METHOD_MATCH = YES;
				COPY_PHASE_STRIP = NO;
				DEBUG_INFORMATION_FORMAT = dwarf;
				ENABLE_STRICT_OBJC_MSGSEND = YES;
				ENABLE_TESTABILITY = YES;
				GCC_C_LANGUAGE_STANDARD = gnu11;
				GCC_DYNAMIC_NO_PIC = NO;
				GCC_NO_COMMON_BLOCKS = YES;
				GCC_OPTIMIZATION_LEVEL = 0;
				GCC_PREPROCESSOR_DEFINITIONS = (
					"DEBUG=1",
					"$(inherited)",
				);
				GCC_WARN_64_TO_32_BIT_CONVERSION = YES;
				GCC_WARN_ABOUT_RETURN_TYPE = YES_ERROR;
				GCC_WARN_UNDECLARED_SELECTOR = YES;
				GCC_WARN_UNINITIALIZED_AUTOS = YES_AGGRESSIVE;
				GCC_WARN_UNUSED_FUNCTION = YES;
				GCC_WARN_UNUSED_VARIABLE = YES;
				MTL_ENABLE_DEBUG_INFO = INCLUDE_SOURCE;
				MTL_FAST_MATH = YES;
				ONLY_ACTIVE_ARCH = YES;
				SWIFT_ACTIVE_COMPILATION_CONDITIONS = DEBUG;
				SWIFT_OPTIMIZATION_LEVEL = "-Onone";
			};
			name = Debug;
		};
		766B3C642762FEE500E41C9D /* Release */ = {
			isa = XCBuildConfiguration;
			buildSettings = {
				ALWAYS_SEARCH_USER_PATHS = NO;
				CLANG_ANALYZER_NONNULL = YES;
				CLANG_ANALYZER_NUMBER_OBJECT_CONVERSION = YES_AGGRESSIVE;
				CLANG_CXX_LANGUAGE_STANDARD = "gnu++17";
				CLANG_CXX_LIBRARY = "libc++";
				CLANG_ENABLE_MODULES = YES;
				CLANG_ENABLE_OBJC_ARC = YES;
				CLANG_ENABLE_OBJC_WEAK = YES;
				CLANG_WARN_BLOCK_CAPTURE_AUTORELEASING = YES;
				CLANG_WARN_BOOL_CONVERSION = YES;
				CLANG_WARN_COMMA = YES;
				CLANG_WARN_CONSTANT_CONVERSION = YES;
				CLANG_WARN_DEPRECATED_OBJC_IMPLEMENTATIONS = YES;
				CLANG_WARN_DIRECT_OBJC_ISA_USAGE = YES_ERROR;
				CLANG_WARN_DOCUMENTATION_COMMENTS = YES;
				CLANG_WARN_EMPTY_BODY = YES;
				CLANG_WARN_ENUM_CONVERSION = YES;
				CLANG_WARN_INFINITE_RECURSION = YES;
				CLANG_WARN_INT_CONVERSION = YES;
				CLANG_WARN_NON_LITERAL_NULL_CONVERSION = YES;
				CLANG_WARN_OBJC_IMPLICIT_RETAIN_SELF = YES;
				CLANG_WARN_OBJC_LITERAL_CONVERSION = YES;
				CLANG_WARN_OBJC_ROOT_CLASS = YES_ERROR;
				CLANG_WARN_QUOTED_INCLUDE_IN_FRAMEWORK_HEADER = YES;
				CLANG_WARN_RANGE_LOOP_ANALYSIS = YES;
				CLANG_WARN_STRICT_PROTOTYPES = YES;
				CLANG_WARN_SUSPICIOUS_MOVE = YES;
				CLANG_WARN_UNGUARDED_AVAILABILITY = YES_AGGRESSIVE;
				CLANG_WARN_UNREACHABLE_CODE = YES;
				CLANG_WARN__DUPLICATE_METHOD_MATCH = YES;
				COPY_PHASE_STRIP = NO;
				DEBUG_INFORMATION_FORMAT = "dwarf-with-dsym";
				ENABLE_NS_ASSERTIONS = NO;
				ENABLE_STRICT_OBJC_MSGSEND = YES;
				GCC_C_LANGUAGE_STANDARD = gnu11;
				GCC_NO_COMMON_BLOCKS = YES;
				GCC_WARN_64_TO_32_BIT_CONVERSION = YES;
				GCC_WARN_ABOUT_RETURN_TYPE = YES_ERROR;
				GCC_WARN_UNDECLARED_SELECTOR = YES;
				GCC_WARN_UNINITIALIZED_AUTOS = YES_AGGRESSIVE;
				GCC_WARN_UNUSED_FUNCTION = YES;
				GCC_WARN_UNUSED_VARIABLE = YES;
				MTL_ENABLE_DEBUG_INFO = NO;
				MTL_FAST_MATH = YES;
				SWIFT_COMPILATION_MODE = wholemodule;
				SWIFT_OPTIMIZATION_LEVEL = "-O";
			};
			name = Release;
		};
		766B3C662762FEE500E41C9D /* Debug */ = {
			isa = XCBuildConfiguration;
			buildSettings = {
				ASSETCATALOG_COMPILER_APPICON_NAME = AppIcon;
				ASSETCATALOG_COMPILER_GLOBAL_ACCENT_COLOR_NAME = AccentColor;
				CODE_SIGN_ENTITLEMENTS = "";
				CODE_SIGN_STYLE = Automatic;
				CURRENT_PROJECT_VERSION = 1;
				DEVELOPMENT_TEAM = 7R25Q8NQQ3;
				ENABLE_PREVIEWS = YES;
				GENERATE_INFOPLIST_FILE = YES;
				INFOPLIST_KEY_UIApplicationSceneManifest_Generation = YES;
				INFOPLIST_KEY_UIApplicationSupportsIndirectInputEvents = YES;
				INFOPLIST_KEY_UILaunchScreen_Generation = YES;
				INFOPLIST_KEY_UISupportedInterfaceOrientations_iPad = "UIInterfaceOrientationPortrait UIInterfaceOrientationPortraitUpsideDown UIInterfaceOrientationLandscapeLeft UIInterfaceOrientationLandscapeRight";
				INFOPLIST_KEY_UISupportedInterfaceOrientations_iPhone = "UIInterfaceOrientationPortrait UIInterfaceOrientationLandscapeLeft UIInterfaceOrientationLandscapeRight";
				IPHONEOS_DEPLOYMENT_TARGET = 15.0;
				LD_RUNPATH_SEARCH_PATHS = (
					"$(inherited)",
					"@executable_path/Frameworks",
				);
				MARKETING_VERSION = 1.0;
				PRODUCT_BUNDLE_IDENTIFIER = com.oblivious.DynaDesign;
				PRODUCT_NAME = DynaDesign;
				SDKROOT = iphoneos;
				SUPPORTS_MACCATALYST = NO;
				SUPPORTS_MAC_DESIGNED_FOR_IPHONE_IPAD = NO;
				SWIFT_EMIT_LOC_STRINGS = YES;
				SWIFT_VERSION = 5.0;
				TARGETED_DEVICE_FAMILY = 2;
			};
			name = Debug;
		};
		766B3C672762FEE500E41C9D /* Release */ = {
			isa = XCBuildConfiguration;
			buildSettings = {
				ASSETCATALOG_COMPILER_APPICON_NAME = AppIcon;
				ASSETCATALOG_COMPILER_GLOBAL_ACCENT_COLOR_NAME = AccentColor;
				CODE_SIGN_ENTITLEMENTS = "";
				CODE_SIGN_STYLE = Automatic;
				CURRENT_PROJECT_VERSION = 1;
				DEVELOPMENT_TEAM = 7R25Q8NQQ3;
				ENABLE_PREVIEWS = YES;
				GENERATE_INFOPLIST_FILE = YES;
				INFOPLIST_KEY_UIApplicationSceneManifest_Generation = YES;
				INFOPLIST_KEY_UIApplicationSupportsIndirectInputEvents = YES;
				INFOPLIST_KEY_UILaunchScreen_Generation = YES;
				INFOPLIST_KEY_UISupportedInterfaceOrientations_iPad = "UIInterfaceOrientationPortrait UIInterfaceOrientationPortraitUpsideDown UIInterfaceOrientationLandscapeLeft UIInterfaceOrientationLandscapeRight";
				INFOPLIST_KEY_UISupportedInterfaceOrientations_iPhone = "UIInterfaceOrientationPortrait UIInterfaceOrientationLandscapeLeft UIInterfaceOrientationLandscapeRight";
				IPHONEOS_DEPLOYMENT_TARGET = 15.0;
				LD_RUNPATH_SEARCH_PATHS = (
					"$(inherited)",
					"@executable_path/Frameworks",
				);
				MARKETING_VERSION = 1.0;
				PRODUCT_BUNDLE_IDENTIFIER = com.oblivious.DynaDesign;
				PRODUCT_NAME = DynaDesign;
				SDKROOT = iphoneos;
				SUPPORTS_MACCATALYST = NO;
				SUPPORTS_MAC_DESIGNED_FOR_IPHONE_IPAD = NO;
				SWIFT_EMIT_LOC_STRINGS = YES;
				SWIFT_VERSION = 5.0;
				TARGETED_DEVICE_FAMILY = 2;
				VALIDATE_PRODUCT = YES;
			};
			name = Release;
		};
/* End XCBuildConfiguration section */

/* Begin XCConfigurationList section */
		766B3C4B2762FEE300E41C9D /* Build configuration list for PBXProject "DynaDesign" */ = {
			isa = XCConfigurationList;
			buildConfigurations = (
				766B3C632762FEE500E41C9D /* Debug */,
				766B3C642762FEE500E41C9D /* Release */,
			);
			defaultConfigurationIsVisible = 0;
			defaultConfigurationName = Release;
		};
		766B3C652762FEE500E41C9D /* Build configuration list for PBXNativeTarget "DynaDesign (iOS)" */ = {
			isa = XCConfigurationList;
			buildConfigurations = (
				766B3C662762FEE500E41C9D /* Debug */,
				766B3C672762FEE500E41C9D /* Release */,
			);
			defaultConfigurationIsVisible = 0;
			defaultConfigurationName = Release;
		};
/* End XCConfigurationList section */
	};
	rootObject = 766B3C482762FEE300E41C9D /* Project object */;
}
